// !$*UTF8*$!
{
	archiveVersion = 1;
	classes = {
	};
	objectVersion = 56;
	objects = {

/* Begin PBXBuildFile section */
		71BE8D3C2AE8409E00D28ADC /* LegSoundsApp.swift in Sources */ = {isa = PBXBuildFile; fileRef = 71BE8D3B2AE8409E00D28ADC /* LegSoundsApp.swift */; };
		71BE8D3E2AE8409E00D28ADC /* MenuView.swift in Sources */ = {isa = PBXBuildFile; fileRef = 71BE8D3D2AE8409E00D28ADC /* MenuView.swift */; };
		71BE8D402AE8409F00D28ADC /* Assets.xcassets in Resources */ = {isa = PBXBuildFile; fileRef = 71BE8D3F2AE8409F00D28ADC /* Assets.xcassets */; };
		71BE8D432AE8409F00D28ADC /* Preview Assets.xcassets in Resources */ = {isa = PBXBuildFile; fileRef = 71BE8D422AE8409F00D28ADC /* Preview Assets.xcassets */; };
		71BE8D4D2AE8409F00D28ADC /* LegSoundsTests.swift in Sources */ = {isa = PBXBuildFile; fileRef = 71BE8D4C2AE8409F00D28ADC /* LegSoundsTests.swift */; };
		71BE8D572AE8409F00D28ADC /* LegSoundsUITests.swift in Sources */ = {isa = PBXBuildFile; fileRef = 71BE8D562AE8409F00D28ADC /* LegSoundsUITests.swift */; };
		71BE8D592AE8409F00D28ADC /* LegSoundsUITestsLaunchTests.swift in Sources */ = {isa = PBXBuildFile; fileRef = 71BE8D582AE8409F00D28ADC /* LegSoundsUITestsLaunchTests.swift */; };
		71BE8D6A2AE841CB00D28ADC /* ModelSounds.swift in Sources */ = {isa = PBXBuildFile; fileRef = 71BE8D692AE841CB00D28ADC /* ModelSounds.swift */; };
		71BE8D6C2AE8427000D28ADC /* soundListManager.swift in Sources */ = {isa = PBXBuildFile; fileRef = 71BE8D6B2AE8427000D28ADC /* soundListManager.swift */; };
		71BE8D6E2AE8441D00D28ADC /* CategoryView.swift in Sources */ = {isa = PBXBuildFile; fileRef = 71BE8D6D2AE8441D00D28ADC /* CategoryView.swift */; };
		71BE8D702AE8454200D28ADC /* SoundsView.swift in Sources */ = {isa = PBXBuildFile; fileRef = 71BE8D6F2AE8454200D28ADC /* SoundsView.swift */; };
		71BE8D722AE84BCB00D28ADC /* PlayerSounds.swift in Sources */ = {isa = PBXBuildFile; fileRef = 71BE8D712AE84BCB00D28ADC /* PlayerSounds.swift */; };
		71BE8D742AE84C0500D28ADC /* soundsList.swift in Sources */ = {isa = PBXBuildFile; fileRef = 71BE8D732AE84C0500D28ADC /* soundsList.swift */; };
		71BE8D7C2AE84D4400D28ADC /* zahar.mp3 in Resources */ = {isa = PBXBuildFile; fileRef = 71BE8D7B2AE84D4400D28ADC /* zahar.mp3 */; };
		71DA767C2AEBD9D900217AA6 /* categoryListManager.swift in Sources */ = {isa = PBXBuildFile; fileRef = 71DA767B2AEBD9D900217AA6 /* categoryListManager.swift */; };
		71DA767E2AEBD9F300217AA6 /* modelAuthor.swift in Sources */ = {isa = PBXBuildFile; fileRef = 71DA767D2AEBD9F300217AA6 /* modelAuthor.swift */; };
		71F7B3EC2AEBF67F009AC94E /* razeb.mp3 in Resources */ = {isa = PBXBuildFile; fileRef = 71F7B3EB2AEBF67F009AC94E /* razeb.mp3 */; };
		71F7B3EE2AEBF69A009AC94E /* ponimay.mp3 in Resources */ = {isa = PBXBuildFile; fileRef = 71F7B3ED2AEBF69A009AC94E /* ponimay.mp3 */; };
		71F7B3F02AEBF6AF009AC94E /* brownwater.mp3 in Resources */ = {isa = PBXBuildFile; fileRef = 71F7B3EF2AEBF6AF009AC94E /* brownwater.mp3 */; };
/* End PBXBuildFile section */

/* Begin PBXContainerItemProxy section */
		71BE8D492AE8409F00D28ADC /* PBXContainerItemProxy */ = {
			isa = PBXContainerItemProxy;
			containerPortal = 71BE8D302AE8409E00D28ADC /* Project object */;
			proxyType = 1;
			remoteGlobalIDString = 71BE8D372AE8409E00D28ADC;
			remoteInfo = LegSounds;
		};
		71BE8D532AE8409F00D28ADC /* PBXContainerItemProxy */ = {
			isa = PBXContainerItemProxy;
			containerPortal = 71BE8D302AE8409E00D28ADC /* Project object */;
			proxyType = 1;
			remoteGlobalIDString = 71BE8D372AE8409E00D28ADC;
			remoteInfo = LegSounds;
		};
/* End PBXContainerItemProxy section */

/* Begin PBXFileReference section */
		71BE8D382AE8409E00D28ADC /* LegSounds.app */ = {isa = PBXFileReference; explicitFileType = wrapper.application; includeInIndex = 0; path = LegSounds.app; sourceTree = BUILT_PRODUCTS_DIR; };
		71BE8D3B2AE8409E00D28ADC /* LegSoundsApp.swift */ = {isa = PBXFileReference; lastKnownFileType = sourcecode.swift; path = LegSoundsApp.swift; sourceTree = "<group>"; };
		71BE8D3D2AE8409E00D28ADC /* MenuView.swift */ = {isa = PBXFileReference; lastKnownFileType = sourcecode.swift; path = MenuView.swift; sourceTree = "<group>"; };
		71BE8D3F2AE8409F00D28ADC /* Assets.xcassets */ = {isa = PBXFileReference; lastKnownFileType = folder.assetcatalog; path = Assets.xcassets; sourceTree = "<group>"; };
		71BE8D422AE8409F00D28ADC /* Preview Assets.xcassets */ = {isa = PBXFileReference; lastKnownFileType = folder.assetcatalog; path = "Preview Assets.xcassets"; sourceTree = "<group>"; };
		71BE8D482AE8409F00D28ADC /* LegSoundsTests.xctest */ = {isa = PBXFileReference; explicitFileType = wrapper.cfbundle; includeInIndex = 0; path = LegSoundsTests.xctest; sourceTree = BUILT_PRODUCTS_DIR; };
		71BE8D4C2AE8409F00D28ADC /* LegSoundsTests.swift */ = {isa = PBXFileReference; lastKnownFileType = sourcecode.swift; path = LegSoundsTests.swift; sourceTree = "<group>"; };
		71BE8D522AE8409F00D28ADC /* LegSoundsUITests.xctest */ = {isa = PBXFileReference; explicitFileType = wrapper.cfbundle; includeInIndex = 0; path = LegSoundsUITests.xctest; sourceTree = BUILT_PRODUCTS_DIR; };
		71BE8D562AE8409F00D28ADC /* LegSoundsUITests.swift */ = {isa = PBXFileReference; lastKnownFileType = sourcecode.swift; path = LegSoundsUITests.swift; sourceTree = "<group>"; };
		71BE8D582AE8409F00D28ADC /* LegSoundsUITestsLaunchTests.swift */ = {isa = PBXFileReference; lastKnownFileType = sourcecode.swift; path = LegSoundsUITestsLaunchTests.swift; sourceTree = "<group>"; };
		71BE8D692AE841CB00D28ADC /* ModelSounds.swift */ = {isa = PBXFileReference; lastKnownFileType = sourcecode.swift; path = ModelSounds.swift; sourceTree = "<group>"; };
		71BE8D6B2AE8427000D28ADC /* soundListManager.swift */ = {isa = PBXFileReference; lastKnownFileType = sourcecode.swift; path = soundListManager.swift; sourceTree = "<group>"; };
		71BE8D6D2AE8441D00D28ADC /* CategoryView.swift */ = {isa = PBXFileReference; lastKnownFileType = sourcecode.swift; path = CategoryView.swift; sourceTree = "<group>"; };
		71BE8D6F2AE8454200D28ADC /* SoundsView.swift */ = {isa = PBXFileReference; lastKnownFileType = sourcecode.swift; path = SoundsView.swift; sourceTree = "<group>"; };
		71BE8D712AE84BCB00D28ADC /* PlayerSounds.swift */ = {isa = PBXFileReference; lastKnownFileType = sourcecode.swift; path = PlayerSounds.swift; sourceTree = "<group>"; };
		71BE8D732AE84C0500D28ADC /* soundsList.swift */ = {isa = PBXFileReference; lastKnownFileType = sourcecode.swift; path = soundsList.swift; sourceTree = "<group>"; };
		71BE8D7B2AE84D4400D28ADC /* zahar.mp3 */ = {isa = PBXFileReference; lastKnownFileType = audio.mp3; name = zahar.mp3; path = ../../../../../Desktop/soudsForSoundBoard/zahar.mp3; sourceTree = "<group>"; };
		71DA767B2AEBD9D900217AA6 /* categoryListManager.swift */ = {isa = PBXFileReference; fileEncoding = 4; lastKnownFileType = sourcecode.swift; name = categoryListManager.swift; path = ../../../../../.Trash/categoryListManager.swift; sourceTree = "<group>"; };
		71DA767D2AEBD9F300217AA6 /* modelAuthor.swift */ = {isa = PBXFileReference; lastKnownFileType = sourcecode.swift; path = modelAuthor.swift; sourceTree = "<group>"; };
		71F7B3EB2AEBF67F009AC94E /* razeb.mp3 */ = {isa = PBXFileReference; lastKnownFileType = audio.mp3; name = razeb.mp3; path = ../../../../../Desktop/soudsForSoundBoard/razeb.mp3; sourceTree = "<group>"; };
		71F7B3ED2AEBF69A009AC94E /* ponimay.mp3 */ = {isa = PBXFileReference; lastKnownFileType = audio.mp3; name = ponimay.mp3; path = ../../../../../Desktop/soudsForSoundBoard/ponimay.mp3; sourceTree = "<group>"; };
		71F7B3EF2AEBF6AF009AC94E /* brownwater.mp3 */ = {isa = PBXFileReference; lastKnownFileType = audio.mp3; path = brownwater.mp3; sourceTree = "<group>"; };
/* End PBXFileReference section */

/* Begin PBXFrameworksBuildPhase section */
		71BE8D352AE8409E00D28ADC /* Frameworks */ = {
			isa = PBXFrameworksBuildPhase;
			buildActionMask = 2147483647;
			files = (
			);
			runOnlyForDeploymentPostprocessing = 0;
		};
		71BE8D452AE8409F00D28ADC /* Frameworks */ = {
			isa = PBXFrameworksBuildPhase;
			buildActionMask = 2147483647;
			files = (
			);
			runOnlyForDeploymentPostprocessing = 0;
		};
		71BE8D4F2AE8409F00D28ADC /* Frameworks */ = {
			isa = PBXFrameworksBuildPhase;
			buildActionMask = 2147483647;
			files = (
			);
			runOnlyForDeploymentPostprocessing = 0;
		};
/* End PBXFrameworksBuildPhase section */

/* Begin PBXGroup section */
		71BE8D2F2AE8409E00D28ADC = {
			isa = PBXGroup;
			children = (
				71BE8D3A2AE8409E00D28ADC /* LegSounds */,
				71BE8D4B2AE8409F00D28ADC /* LegSoundsTests */,
				71BE8D552AE8409F00D28ADC /* LegSoundsUITests */,
				71BE8D392AE8409E00D28ADC /* Products */,
			);
			sourceTree = "<group>";
		};
		71BE8D392AE8409E00D28ADC /* Products */ = {
			isa = PBXGroup;
			children = (
				71BE8D382AE8409E00D28ADC /* LegSounds.app */,
				71BE8D482AE8409F00D28ADC /* LegSoundsTests.xctest */,
				71BE8D522AE8409F00D28ADC /* LegSoundsUITests.xctest */,
			);
			name = Products;
			sourceTree = "<group>";
		};
		71BE8D3A2AE8409E00D28ADC /* LegSounds */ = {
			isa = PBXGroup;
			children = (
				71BE8D762AE84D0C00D28ADC /* SoundsSprite */,
				71BE8D682AE8419E00D28ADC /* ViewModel */,
				71BE8D662AE8415B00D28ADC /* Views */,
				71BE8D672AE8417D00D28ADC /* Model */,
				71BE8D3B2AE8409E00D28ADC /* LegSoundsApp.swift */,
				71BE8D3F2AE8409F00D28ADC /* Assets.xcassets */,
				71BE8D412AE8409F00D28ADC /* Preview Content */,
			);
			path = LegSounds;
			sourceTree = "<group>";
		};
		71BE8D412AE8409F00D28ADC /* Preview Content */ = {
			isa = PBXGroup;
			children = (
				71BE8D422AE8409F00D28ADC /* Preview Assets.xcassets */,
			);
			path = "Preview Content";
			sourceTree = "<group>";
		};
		71BE8D4B2AE8409F00D28ADC /* LegSoundsTests */ = {
			isa = PBXGroup;
			children = (
				71BE8D4C2AE8409F00D28ADC /* LegSoundsTests.swift */,
			);
			path = LegSoundsTests;
			sourceTree = "<group>";
		};
		71BE8D552AE8409F00D28ADC /* LegSoundsUITests */ = {
			isa = PBXGroup;
			children = (
				71BE8D562AE8409F00D28ADC /* LegSoundsUITests.swift */,
				71BE8D582AE8409F00D28ADC /* LegSoundsUITestsLaunchTests.swift */,
			);
			path = LegSoundsUITests;
			sourceTree = "<group>";
		};
		71BE8D662AE8415B00D28ADC /* Views */ = {
			isa = PBXGroup;
			children = (
				71BE8D3D2AE8409E00D28ADC /* MenuView.swift */,
				71BE8D6D2AE8441D00D28ADC /* CategoryView.swift */,
				71BE8D6F2AE8454200D28ADC /* SoundsView.swift */,
			);
			path = Views;
			sourceTree = "<group>";
		};
		71BE8D672AE8417D00D28ADC /* Model */ = {
			isa = PBXGroup;
			children = (
				71BE8D692AE841CB00D28ADC /* ModelSounds.swift */,
				71DA767D2AEBD9F300217AA6 /* modelAuthor.swift */,
			);
			path = Model;
			sourceTree = "<group>";
		};
		71BE8D682AE8419E00D28ADC /* ViewModel */ = {
			isa = PBXGroup;
			children = (
				71DA767B2AEBD9D900217AA6 /* categoryListManager.swift */,
				71BE8D6B2AE8427000D28ADC /* soundListManager.swift */,
				71BE8D712AE84BCB00D28ADC /* PlayerSounds.swift */,
				71BE8D732AE84C0500D28ADC /* soundsList.swift */,
			);
			path = ViewModel;
			sourceTree = "<group>";
		};
		71BE8D762AE84D0C00D28ADC /* SoundsSprite */ = {
			isa = PBXGroup;
			children = (
				71F7B3EF2AEBF6AF009AC94E /* brownwater.mp3 */,
				71F7B3ED2AEBF69A009AC94E /* ponimay.mp3 */,
				71F7B3EB2AEBF67F009AC94E /* razeb.mp3 */,
				71BE8D7B2AE84D4400D28ADC /* zahar.mp3 */,
			);
			path = SoundsSprite;
			sourceTree = "<group>";
		};
/* End PBXGroup section */

/* Begin PBXNativeTarget section */
		71BE8D372AE8409E00D28ADC /* LegSounds */ = {
			isa = PBXNativeTarget;
			buildConfigurationList = 71BE8D5C2AE8409F00D28ADC /* Build configuration list for PBXNativeTarget "LegSounds" */;
			buildPhases = (
				71BE8D342AE8409E00D28ADC /* Sources */,
				71BE8D352AE8409E00D28ADC /* Frameworks */,
				71BE8D362AE8409E00D28ADC /* Resources */,
			);
			buildRules = (
			);
			dependencies = (
			);
			name = LegSounds;
			productName = LegSounds;
			productReference = 71BE8D382AE8409E00D28ADC /* LegSounds.app */;
			productType = "com.apple.product-type.application";
		};
		71BE8D472AE8409F00D28ADC /* LegSoundsTests */ = {
			isa = PBXNativeTarget;
			buildConfigurationList = 71BE8D5F2AE8409F00D28ADC /* Build configuration list for PBXNativeTarget "LegSoundsTests" */;
			buildPhases = (
				71BE8D442AE8409F00D28ADC /* Sources */,
				71BE8D452AE8409F00D28ADC /* Frameworks */,
				71BE8D462AE8409F00D28ADC /* Resources */,
			);
			buildRules = (
			);
			dependencies = (
				71BE8D4A2AE8409F00D28ADC /* PBXTargetDependency */,
			);
			name = LegSoundsTests;
			productName = LegSoundsTests;
			productReference = 71BE8D482AE8409F00D28ADC /* LegSoundsTests.xctest */;
			productType = "com.apple.product-type.bundle.unit-test";
		};
		71BE8D512AE8409F00D28ADC /* LegSoundsUITests */ = {
			isa = PBXNativeTarget;
			buildConfigurationList = 71BE8D622AE8409F00D28ADC /* Build configuration list for PBXNativeTarget "LegSoundsUITests" */;
			buildPhases = (
				71BE8D4E2AE8409F00D28ADC /* Sources */,
				71BE8D4F2AE8409F00D28ADC /* Frameworks */,
				71BE8D502AE8409F00D28ADC /* Resources */,
			);
			buildRules = (
			);
			dependencies = (
				71BE8D542AE8409F00D28ADC /* PBXTargetDependency */,
			);
			name = LegSoundsUITests;
			productName = LegSoundsUITests;
			productReference = 71BE8D522AE8409F00D28ADC /* LegSoundsUITests.xctest */;
			productType = "com.apple.product-type.bundle.ui-testing";
		};
/* End PBXNativeTarget section */

/* Begin PBXProject section */
		71BE8D302AE8409E00D28ADC /* Project object */ = {
			isa = PBXProject;
			attributes = {
				BuildIndependentTargetsInParallel = 1;
				LastSwiftUpdateCheck = 1500;
				LastUpgradeCheck = 1500;
				TargetAttributes = {
					71BE8D372AE8409E00D28ADC = {
						CreatedOnToolsVersion = 15.0;
					};
					71BE8D472AE8409F00D28ADC = {
						CreatedOnToolsVersion = 15.0;
						TestTargetID = 71BE8D372AE8409E00D28ADC;
					};
					71BE8D512AE8409F00D28ADC = {
						CreatedOnToolsVersion = 15.0;
						TestTargetID = 71BE8D372AE8409E00D28ADC;
					};
				};
			};
			buildConfigurationList = 71BE8D332AE8409E00D28ADC /* Build configuration list for PBXProject "LegSounds" */;
			compatibilityVersion = "Xcode 14.0";
			developmentRegion = en;
			hasScannedForEncodings = 0;
			knownRegions = (
				en,
				Base,
			);
			mainGroup = 71BE8D2F2AE8409E00D28ADC;
			productRefGroup = 71BE8D392AE8409E00D28ADC /* Products */;
			projectDirPath = "";
			projectRoot = "";
			targets = (
				71BE8D372AE8409E00D28ADC /* LegSounds */,
				71BE8D472AE8409F00D28ADC /* LegSoundsTests */,
				71BE8D512AE8409F00D28ADC /* LegSoundsUITests */,
			);
		};
/* End PBXProject section */

/* Begin PBXResourcesBuildPhase section */
		71BE8D362AE8409E00D28ADC /* Resources */ = {
			isa = PBXResourcesBuildPhase;
			buildActionMask = 2147483647;
			files = (
				71F7B3EC2AEBF67F009AC94E /* razeb.mp3 in Resources */,
				71F7B3EE2AEBF69A009AC94E /* ponimay.mp3 in Resources */,
				71BE8D432AE8409F00D28ADC /* Preview Assets.xcassets in Resources */,
				71BE8D402AE8409F00D28ADC /* Assets.xcassets in Resources */,
				71BE8D7C2AE84D4400D28ADC /* zahar.mp3 in Resources */,
				71F7B3F02AEBF6AF009AC94E /* brownwater.mp3 in Resources */,
			);
			runOnlyForDeploymentPostprocessing = 0;
		};
		71BE8D462AE8409F00D28ADC /* Resources */ = {
			isa = PBXResourcesBuildPhase;
			buildActionMask = 2147483647;
			files = (
			);
			runOnlyForDeploymentPostprocessing = 0;
		};
		71BE8D502AE8409F00D28ADC /* Resources */ = {
			isa = PBXResourcesBuildPhase;
			buildActionMask = 2147483647;
			files = (
			);
			runOnlyForDeploymentPostprocessing = 0;
		};
/* End PBXResourcesBuildPhase section */

/* Begin PBXSourcesBuildPhase section */
		71BE8D342AE8409E00D28ADC /* Sources */ = {
			isa = PBXSourcesBuildPhase;
			buildActionMask = 2147483647;
			files = (
				71BE8D722AE84BCB00D28ADC /* PlayerSounds.swift in Sources */,
				71BE8D3E2AE8409E00D28ADC /* MenuView.swift in Sources */,
				71DA767E2AEBD9F300217AA6 /* modelAuthor.swift in Sources */,
				71BE8D6C2AE8427000D28ADC /* soundListManager.swift in Sources */,
				71BE8D742AE84C0500D28ADC /* soundsList.swift in Sources */,
				71BE8D3C2AE8409E00D28ADC /* LegSoundsApp.swift in Sources */,
				71DA767C2AEBD9D900217AA6 /* categoryListManager.swift in Sources */,
				71BE8D6A2AE841CB00D28ADC /* ModelSounds.swift in Sources */,
				71BE8D702AE8454200D28ADC /* SoundsView.swift in Sources */,
				71BE8D6E2AE8441D00D28ADC /* CategoryView.swift in Sources */,
			);
			runOnlyForDeploymentPostprocessing = 0;
		};
		71BE8D442AE8409F00D28ADC /* Sources */ = {
			isa = PBXSourcesBuildPhase;
			buildActionMask = 2147483647;
			files = (
				71BE8D4D2AE8409F00D28ADC /* LegSoundsTests.swift in Sources */,
			);
			runOnlyForDeploymentPostprocessing = 0;
		};
		71BE8D4E2AE8409F00D28ADC /* Sources */ = {
			isa = PBXSourcesBuildPhase;
			buildActionMask = 2147483647;
			files = (
				71BE8D572AE8409F00D28ADC /* LegSoundsUITests.swift in Sources */,
				71BE8D592AE8409F00D28ADC /* LegSoundsUITestsLaunchTests.swift in Sources */,
			);
			runOnlyForDeploymentPostprocessing = 0;
		};
/* End PBXSourcesBuildPhase section */

/* Begin PBXTargetDependency section */
		71BE8D4A2AE8409F00D28ADC /* PBXTargetDependency */ = {
			isa = PBXTargetDependency;
			target = 71BE8D372AE8409E00D28ADC /* LegSounds */;
			targetProxy = 71BE8D492AE8409F00D28ADC /* PBXContainerItemProxy */;
		};
		71BE8D542AE8409F00D28ADC /* PBXTargetDependency */ = {
			isa = PBXTargetDependency;
			target = 71BE8D372AE8409E00D28ADC /* LegSounds */;
			targetProxy = 71BE8D532AE8409F00D28ADC /* PBXContainerItemProxy */;
		};
/* End PBXTargetDependency section */

/* Begin XCBuildConfiguration section */
		71BE8D5A2AE8409F00D28ADC /* Debug */ = {
			isa = XCBuildConfiguration;
			buildSettings = {
				ALWAYS_SEARCH_USER_PATHS = NO;
				ASSETCATALOG_COMPILER_GENERATE_SWIFT_ASSET_SYMBOL_EXTENSIONS = YES;
				CLANG_ANALYZER_NONNULL = YES;
				CLANG_ANALYZER_NUMBER_OBJECT_CONVERSION = YES_AGGRESSIVE;
				CLANG_CXX_LANGUAGE_STANDARD = "gnu++20";
				CLANG_ENABLE_MODULES = YES;
				CLANG_ENABLE_OBJC_ARC = YES;
				CLANG_ENABLE_OBJC_WEAK = YES;
				CLANG_WARN_BLOCK_CAPTURE_AUTORELEASING = YES;
				CLANG_WARN_BOOL_CONVERSION = YES;
				CLANG_WARN_COMMA = YES;
				CLANG_WARN_CONSTANT_CONVERSION = YES;
				CLANG_WARN_DEPRECATED_OBJC_IMPLEMENTATIONS = YES;
				CLANG_WARN_DIRECT_OBJC_ISA_USAGE = YES_ERROR;
				CLANG_WARN_DOCUMENTATION_COMMENTS = YES;
				CLANG_WARN_EMPTY_BODY = YES;
				CLANG_WARN_ENUM_CONVERSION = YES;
				CLANG_WARN_INFINITE_RECURSION = YES;
				CLANG_WARN_INT_CONVERSION = YES;
				CLANG_WARN_NON_LITERAL_NULL_CONVERSION = YES;
				CLANG_WARN_OBJC_IMPLICIT_RETAIN_SELF = YES;
				CLANG_WARN_OBJC_LITERAL_CONVERSION = YES;
				CLANG_WARN_OBJC_ROOT_CLASS = YES_ERROR;
				CLANG_WARN_QUOTED_INCLUDE_IN_FRAMEWORK_HEADER = YES;
				CLANG_WARN_RANGE_LOOP_ANALYSIS = YES;
				CLANG_WARN_STRICT_PROTOTYPES = YES;
				CLANG_WARN_SUSPICIOUS_MOVE = YES;
				CLANG_WARN_UNGUARDED_AVAILABILITY = YES_AGGRESSIVE;
				CLANG_WARN_UNREACHABLE_CODE = YES;
				CLANG_WARN__DUPLICATE_METHOD_MATCH = YES;
				COPY_PHASE_STRIP = NO;
				DEBUG_INFORMATION_FORMAT = dwarf;
				ENABLE_STRICT_OBJC_MSGSEND = YES;
				ENABLE_TESTABILITY = YES;
				ENABLE_USER_SCRIPT_SANDBOXING = YES;
				GCC_C_LANGUAGE_STANDARD = gnu17;
				GCC_DYNAMIC_NO_PIC = NO;
				GCC_NO_COMMON_BLOCKS = YES;
				GCC_OPTIMIZATION_LEVEL = 0;
				GCC_PREPROCESSOR_DEFINITIONS = (
					"DEBUG=1",
					"$(inherited)",
				);
				GCC_WARN_64_TO_32_BIT_CONVERSION = YES;
				GCC_WARN_ABOUT_RETURN_TYPE = YES_ERROR;
				GCC_WARN_UNDECLARED_SELECTOR = YES;
				GCC_WARN_UNINITIALIZED_AUTOS = YES_AGGRESSIVE;
				GCC_WARN_UNUSED_FUNCTION = YES;
				GCC_WARN_UNUSED_VARIABLE = YES;
				IPHONEOS_DEPLOYMENT_TARGET = 17.0;
				LOCALIZATION_PREFERS_STRING_CATALOGS = YES;
				MTL_ENABLE_DEBUG_INFO = INCLUDE_SOURCE;
				MTL_FAST_MATH = YES;
				ONLY_ACTIVE_ARCH = YES;
				SDKROOT = iphoneos;
				SWIFT_ACTIVE_COMPILATION_CONDITIONS = "DEBUG $(inherited)";
				SWIFT_OPTIMIZATION_LEVEL = "-Onone";
			};
			name = Debug;
		};
		71BE8D5B2AE8409F00D28ADC /* Release */ = {
			isa = XCBuildConfiguration;
			buildSettings = {
				ALWAYS_SEARCH_USER_PATHS = NO;
				ASSETCATALOG_COMPILER_GENERATE_SWIFT_ASSET_SYMBOL_EXTENSIONS = YES;
				CLANG_ANALYZER_NONNULL = YES;
				CLANG_ANALYZER_NUMBER_OBJECT_CONVERSION = YES_AGGRESSIVE;
				CLANG_CXX_LANGUAGE_STANDARD = "gnu++20";
				CLANG_ENABLE_MODULES = YES;
				CLANG_ENABLE_OBJC_ARC = YES;
				CLANG_ENABLE_OBJC_WEAK = YES;
				CLANG_WARN_BLOCK_CAPTURE_AUTORELEASING = YES;
				CLANG_WARN_BOOL_CONVERSION = YES;
				CLANG_WARN_COMMA = YES;
				CLANG_WARN_CONSTANT_CONVERSION = YES;
				CLANG_WARN_DEPRECATED_OBJC_IMPLEMENTATIONS = YES;
				CLANG_WARN_DIRECT_OBJC_ISA_USAGE = YES_ERROR;
				CLANG_WARN_DOCUMENTATION_COMMENTS = YES;
				CLANG_WARN_EMPTY_BODY = YES;
				CLANG_WARN_ENUM_CONVERSION = YES;
				CLANG_WARN_INFINITE_RECURSION = YES;
				CLANG_WARN_INT_CONVERSION = YES;
				CLANG_WARN_NON_LITERAL_NULL_CONVERSION = YES;
				CLANG_WARN_OBJC_IMPLICIT_RETAIN_SELF = YES;
				CLANG_WARN_OBJC_LITERAL_CONVERSION = YES;
				CLANG_WARN_OBJC_ROOT_CLASS = YES_ERROR;
				CLANG_WARN_QUOTED_INCLUDE_IN_FRAMEWORK_HEADER = YES;
				CLANG_WARN_RANGE_LOOP_ANALYSIS = YES;
				CLANG_WARN_STRICT_PROTOTYPES = YES;
				CLANG_WARN_SUSPICIOUS_MOVE = YES;
				CLANG_WARN_UNGUARDED_AVAILABILITY = YES_AGGRESSIVE;
				CLANG_WARN_UNREACHABLE_CODE = YES;
				CLANG_WARN__DUPLICATE_METHOD_MATCH = YES;
				COPY_PHASE_STRIP = NO;
				DEBUG_INFORMATION_FORMAT = "dwarf-with-dsym";
				ENABLE_NS_ASSERTIONS = NO;
				ENABLE_STRICT_OBJC_MSGSEND = YES;
				ENABLE_USER_SCRIPT_SANDBOXING = YES;
				GCC_C_LANGUAGE_STANDARD = gnu17;
				GCC_NO_COMMON_BLOCKS = YES;
				GCC_WARN_64_TO_32_BIT_CONVERSION = YES;
				GCC_WARN_ABOUT_RETURN_TYPE = YES_ERROR;
				GCC_WARN_UNDECLARED_SELECTOR = YES;
				GCC_WARN_UNINITIALIZED_AUTOS = YES_AGGRESSIVE;
				GCC_WARN_UNUSED_FUNCTION = YES;
				GCC_WARN_UNUSED_VARIABLE = YES;
				IPHONEOS_DEPLOYMENT_TARGET = 17.0;
				LOCALIZATION_PREFERS_STRING_CATALOGS = YES;
				MTL_ENABLE_DEBUG_INFO = NO;
				MTL_FAST_MATH = YES;
				SDKROOT = iphoneos;
				SWIFT_COMPILATION_MODE = wholemodule;
				VALIDATE_PRODUCT = YES;
			};
			name = Release;
		};
		71BE8D5D2AE8409F00D28ADC /* Debug */ = {
			isa = XCBuildConfiguration;
			buildSettings = {
				ASSETCATALOG_COMPILER_APPICON_NAME = AppIcon;
				ASSETCATALOG_COMPILER_GLOBAL_ACCENT_COLOR_NAME = AccentColor;
				CODE_SIGN_STYLE = Automatic;
				CURRENT_PROJECT_VERSION = 1;
				DEVELOPMENT_ASSET_PATHS = "\"LegSounds/Preview Content\"";
				ENABLE_PREVIEWS = YES;
				GENERATE_INFOPLIST_FILE = YES;
				INFOPLIST_KEY_UIApplicationSceneManifest_Generation = YES;
				INFOPLIST_KEY_UIApplicationSupportsIndirectInputEvents = YES;
				INFOPLIST_KEY_UILaunchScreen_Generation = YES;
				INFOPLIST_KEY_UISupportedInterfaceOrientations_iPad = "UIInterfaceOrientationPortrait UIInterfaceOrientationPortraitUpsideDown UIInterfaceOrientationLandscapeLeft UIInterfaceOrientationLandscapeRight";
				INFOPLIST_KEY_UISupportedInterfaceOrientations_iPhone = "UIInterfaceOrientationPortrait UIInterfaceOrientationLandscapeLeft UIInterfaceOrientationLandscapeRight";
				LD_RUNPATH_SEARCH_PATHS = (
					"$(inherited)",
					"@executable_path/Frameworks",
				);
				MARKETING_VERSION = 1.0;
				PRODUCT_BUNDLE_IDENTIFIER = "YoungSkateBastard-s.LegSounds";
				PRODUCT_NAME = "$(TARGET_NAME)";
				SWIFT_EMIT_LOC_STRINGS = YES;
				SWIFT_VERSION = 5.0;
				TARGETED_DEVICE_FAMILY = "1,2";
			};
			name = Debug;
		};
		71BE8D5E2AE8409F00D28ADC /* Release */ = {
			isa = XCBuildConfiguration;
			buildSettings = {
				ASSETCATALOG_COMPILER_APPICON_NAME = AppIcon;
				ASSETCATALOG_COMPILER_GLOBAL_ACCENT_COLOR_NAME = AccentColor;
				CODE_SIGN_STYLE = Automatic;
				CURRENT_PROJECT_VERSION = 1;
				DEVELOPMENT_ASSET_PATHS = "\"LegSounds/Preview Content\"";
				ENABLE_PREVIEWS = YES;
				GENERATE_INFOPLIST_FILE = YES;
				INFOPLIST_KEY_UIApplicationSceneManifest_Generation = YES;
				INFOPLIST_KEY_UIApplicationSupportsIndirectInputEvents = YES;
				INFOPLIST_KEY_UILaunchScreen_Generation = YES;
				INFOPLIST_KEY_UISupportedInterfaceOrientations_iPad = "UIInterfaceOrientationPortrait UIInterfaceOrientationPortraitUpsideDown UIInterfaceOrientationLandscapeLeft UIInterfaceOrientationLandscapeRight";
				INFOPLIST_KEY_UISupportedInterfaceOrientations_iPhone = "UIInterfaceOrientationPortrait UIInterfaceOrientationLandscapeLeft UIInterfaceOrientationLandscapeRight";
				LD_RUNPATH_SEARCH_PATHS = (
					"$(inherited)",
					"@executable_path/Frameworks",
				);
				MARKETING_VERSION = 1.0;
				PRODUCT_BUNDLE_IDENTIFIER = "YoungSkateBastard-s.LegSounds";
				PRODUCT_NAME = "$(TARGET_NAME)";
				SWIFT_EMIT_LOC_STRINGS = YES;
				SWIFT_VERSION = 5.0;
				TARGETED_DEVICE_FAMILY = "1,2";
			};
			name = Release;
		};
		71BE8D602AE8409F00D28ADC /* Debug */ = {
			isa = XCBuildConfiguration;
			buildSettings = {
				ALWAYS_EMBED_SWIFT_STANDARD_LIBRARIES = YES;
				BUNDLE_LOADER = "$(TEST_HOST)";
				CODE_SIGN_STYLE = Automatic;
				CURRENT_PROJECT_VERSION = 1;
				GENERATE_INFOPLIST_FILE = YES;
				IPHONEOS_DEPLOYMENT_TARGET = 17.0;
				MARKETING_VERSION = 1.0;
				PRODUCT_BUNDLE_IDENTIFIER = "YoungSkateBastard-s.LegSoundsTests";
				PRODUCT_NAME = "$(TARGET_NAME)";
				SWIFT_EMIT_LOC_STRINGS = NO;
				SWIFT_VERSION = 5.0;
				TARGETED_DEVICE_FAMILY = "1,2";
				TEST_HOST = "$(BUILT_PRODUCTS_DIR)/LegSounds.app/$(BUNDLE_EXECUTABLE_FOLDER_PATH)/LegSounds";
			};
			name = Debug;
		};
		71BE8D612AE8409F00D28ADC /* Release */ = {
			isa = XCBuildConfiguration;
			buildSettings = {
				ALWAYS_EMBED_SWIFT_STANDARD_LIBRARIES = YES;
				BUNDLE_LOADER = "$(TEST_HOST)";
				CODE_SIGN_STYLE = Automatic;
				CURRENT_PROJECT_VERSION = 1;
				GENERATE_INFOPLIST_FILE = YES;
				IPHONEOS_DEPLOYMENT_TARGET = 17.0;
				MARKETING_VERSION = 1.0;
				PRODUCT_BUNDLE_IDENTIFIER = "YoungSkateBastard-s.LegSoundsTests";
				PRODUCT_NAME = "$(TARGET_NAME)";
				SWIFT_EMIT_LOC_STRINGS = NO;
				SWIFT_VERSION = 5.0;
				TARGETED_DEVICE_FAMILY = "1,2";
				TEST_HOST = "$(BUILT_PRODUCTS_DIR)/LegSounds.app/$(BUNDLE_EXECUTABLE_FOLDER_PATH)/LegSounds";
			};
			name = Release;
		};
		71BE8D632AE8409F00D28ADC /* Debug */ = {
			isa = XCBuildConfiguration;
			buildSettings = {
				ALWAYS_EMBED_SWIFT_STANDARD_LIBRARIES = YES;
				CODE_SIGN_STYLE = Automatic;
				CURRENT_PROJECT_VERSION = 1;
				GENERATE_INFOPLIST_FILE = YES;
				MARKETING_VERSION = 1.0;
				PRODUCT_BUNDLE_IDENTIFIER = "YoungSkateBastard-s.LegSoundsUITests";
				PRODUCT_NAME = "$(TARGET_NAME)";
				SWIFT_EMIT_LOC_STRINGS = NO;
				SWIFT_VERSION = 5.0;
				TARGETED_DEVICE_FAMILY = "1,2";
				TEST_TARGET_NAME = LegSounds;
			};
			name = Debug;
		};
		71BE8D642AE8409F00D28ADC /* Release */ = {
			isa = XCBuildConfiguration;
			buildSettings = {
				ALWAYS_EMBED_SWIFT_STANDARD_LIBRARIES = YES;
				CODE_SIGN_STYLE = Automatic;
				CURRENT_PROJECT_VERSION = 1;
				GENERATE_INFOPLIST_FILE = YES;
				MARKETING_VERSION = 1.0;
				PRODUCT_BUNDLE_IDENTIFIER = "YoungSkateBastard-s.LegSoundsUITests";
				PRODUCT_NAME = "$(TARGET_NAME)";
				SWIFT_EMIT_LOC_STRINGS = NO;
				SWIFT_VERSION = 5.0;
				TARGETED_DEVICE_FAMILY = "1,2";
				TEST_TARGET_NAME = LegSounds;
			};
			name = Release;
		};
/* End XCBuildConfiguration section */

/* Begin XCConfigurationList section */
		71BE8D332AE8409E00D28ADC /* Build configuration list for PBXProject "LegSounds" */ = {
			isa = XCConfigurationList;
			buildConfigurations = (
				71BE8D5A2AE8409F00D28ADC /* Debug */,
				71BE8D5B2AE8409F00D28ADC /* Release */,
			);
			defaultConfigurationIsVisible = 0;
			defaultConfigurationName = Release;
		};
		71BE8D5C2AE8409F00D28ADC /* Build configuration list for PBXNativeTarget "LegSounds" */ = {
			isa = XCConfigurationList;
			buildConfigurations = (
				71BE8D5D2AE8409F00D28ADC /* Debug */,
				71BE8D5E2AE8409F00D28ADC /* Release */,
			);
			defaultConfigurationIsVisible = 0;
			defaultConfigurationName = Release;
		};
		71BE8D5F2AE8409F00D28ADC /* Build configuration list for PBXNativeTarget "LegSoundsTests" */ = {
			isa = XCConfigurationList;
			buildConfigurations = (
				71BE8D602AE8409F00D28ADC /* Debug */,
				71BE8D612AE8409F00D28ADC /* Release */,
			);
			defaultConfigurationIsVisible = 0;
			defaultConfigurationName = Release;
		};
		71BE8D622AE8409F00D28ADC /* Build configuration list for PBXNativeTarget "LegSoundsUITests" */ = {
			isa = XCConfigurationList;
			buildConfigurations = (
				71BE8D632AE8409F00D28ADC /* Debug */,
				71BE8D642AE8409F00D28ADC /* Release */,
			);
			defaultConfigurationIsVisible = 0;
			defaultConfigurationName = Release;
		};
/* End XCConfigurationList section */
	};
	rootObject = 71BE8D302AE8409E00D28ADC /* Project object */;
}
